
Microsoft Visual Studio Solution File, Format Version 12.00
# Visual Studio 15
VisualStudioVersion = 15.0.26124.0
MinimumVisualStudioVersion = 15.0.26124.0
Project("{2150E333-8FDC-42A3-9474-1A3956D46DE8}") = "1 Core", "1 Core", "{2BC893BA-646F-4FB5-8CDF-226B57E199AE}"
EndProject
Project("{2150E333-8FDC-42A3-9474-1A3956D46DE8}") = "5 Infra", "5 Infra", "{17D0AA5F-1923-4D63-B57D-E3E0A0566694}"
EndProject
Project("{2150E333-8FDC-42A3-9474-1A3956D46DE8}") = "9 Presenter", "9 Presenter", "{9FBE24C2-C788-4694-AD46-73B129E83FE2}"
EndProject
Project("{9A19103F-16F7-4668-BE54-9A1E7A4F7556}") = "Opala.Core.Domain", "Opala.Core.Domain\Opala.Core.Domain.csproj", "{3977F25D-AA3F-46C0-8F53-608125F14D08}"
EndProject
Project("{9A19103F-16F7-4668-BE54-9A1E7A4F7556}") = "Opala.Core.Application", "Opala.Core.Application\Opala.Core.Application.csproj", "{DA22A128-E503-496C-8146-241EBEED9C7E}"
EndProject
Project("{9A19103F-16F7-4668-BE54-9A1E7A4F7556}") = "Opala.Core.Test", "Opala.Core.Test\Opala.Core.Test.csproj", "{A2191324-6D16-4760-AA3E-CF44E53DA95C}"
EndProject
Project("{9A19103F-16F7-4668-BE54-9A1E7A4F7556}") = "Opala.Infra.Repository", "Opala.Infra.Repository\Opala.Infra.Repository.csproj", "{3A5F5647-9FEB-4B44-A90B-E33AAE671DD5}"
EndProject
Project("{9A19103F-16F7-4668-BE54-9A1E7A4F7556}") = "Opala.WebApi", "Opala.WebApi\Opala.WebApi.csproj", "{61675B6F-0432-424F-A20C-4AD418A39EEB}"
EndProject
Project("{9A19103F-16F7-4668-BE54-9A1E7A4F7556}") = "Opala.Infra.EmailAdapter", "Opala.Infra.EmailAdapter\Opala.Infra.EmailAdapter.csproj", "{903061B1-C610-4659-8502-9807C7ED29BF}"
EndProject
Project("{9A19103F-16F7-4668-BE54-9A1E7A4F7556}") = "Opala.Infra.NotificationAdapter", "Opala.Infra.NotificationAdapter\Opala.Infra.NotificationAdapter.csproj", "{F2BA8518-B894-45F2-9B4F-4390E9FF4B59}"
EndProject
Project("{2150E333-8FDC-42A3-9474-1A3956D46DE8}") = "Solution Items", "Solution Items", "{E2FE3487-41D2-45B2-ACEB-B2CB1291A49A}"
	ProjectSection(SolutionItems) = preProject
		DbSchema.sql = DbSchema.sql
	EndProjectSection
EndProject
Project("{FAE04EC0-301F-11D3-BF4B-00C04F79EFBC}") = "Opala.Web", "Opala.Web\Opala.Web.csproj", "{7450C69F-EACD-4328-8951-29D3626FB8ED}"
EndProject
Global
	GlobalSection(SolutionConfigurationPlatforms) = preSolution
		Debug|Any CPU = Debug|Any CPU
		Debug|x64 = Debug|x64
		Debug|x86 = Debug|x86
		Release|Any CPU = Release|Any CPU
		Release|x64 = Release|x64
		Release|x86 = Release|x86
	EndGlobalSection
	GlobalSection(ProjectConfigurationPlatforms) = postSolution
		{3977F25D-AA3F-46C0-8F53-608125F14D08}.Debug|Any CPU.ActiveCfg = Debug|Any CPU
		{3977F25D-AA3F-46C0-8F53-608125F14D08}.Debug|Any CPU.Build.0 = Debug|Any CPU
		{3977F25D-AA3F-46C0-8F53-608125F14D08}.Debug|x64.ActiveCfg = Debug|Any CPU
		{3977F25D-AA3F-46C0-8F53-608125F14D08}.Debug|x64.Build.0 = Debug|Any CPU
		{3977F25D-AA3F-46C0-8F53-608125F14D08}.Debug|x86.ActiveCfg = Debug|Any CPU
		{3977F25D-AA3F-46C0-8F53-608125F14D08}.Debug|x86.Build.0 = Debug|Any CPU
		{3977F25D-AA3F-46C0-8F53-608125F14D08}.Release|Any CPU.ActiveCfg = Release|Any CPU
		{3977F25D-AA3F-46C0-8F53-608125F14D08}.Release|Any CPU.Build.0 = Release|Any CPU
		{3977F25D-AA3F-46C0-8F53-608125F14D08}.Release|x64.ActiveCfg = Release|Any CPU
		{3977F25D-AA3F-46C0-8F53-608125F14D08}.Release|x64.Build.0 = Release|Any CPU
		{3977F25D-AA3F-46C0-8F53-608125F14D08}.Release|x86.ActiveCfg = Release|Any CPU
		{3977F25D-AA3F-46C0-8F53-608125F14D08}.Release|x86.Build.0 = Release|Any CPU
		{DA22A128-E503-496C-8146-241EBEED9C7E}.Debug|Any CPU.ActiveCfg = Debug|Any CPU
		{DA22A128-E503-496C-8146-241EBEED9C7E}.Debug|Any CPU.Build.0 = Debug|Any CPU
		{DA22A128-E503-496C-8146-241EBEED9C7E}.Debug|x64.ActiveCfg = Debug|Any CPU
		{DA22A128-E503-496C-8146-241EBEED9C7E}.Debug|x64.Build.0 = Debug|Any CPU
		{DA22A128-E503-496C-8146-241EBEED9C7E}.Debug|x86.ActiveCfg = Debug|Any CPU
		{DA22A128-E503-496C-8146-241EBEED9C7E}.Debug|x86.Build.0 = Debug|Any CPU
		{DA22A128-E503-496C-8146-241EBEED9C7E}.Release|Any CPU.ActiveCfg = Release|Any CPU
		{DA22A128-E503-496C-8146-241EBEED9C7E}.Release|Any CPU.Build.0 = Release|Any CPU
		{DA22A128-E503-496C-8146-241EBEED9C7E}.Release|x64.ActiveCfg = Release|Any CPU
		{DA22A128-E503-496C-8146-241EBEED9C7E}.Release|x64.Build.0 = Release|Any CPU
		{DA22A128-E503-496C-8146-241EBEED9C7E}.Release|x86.ActiveCfg = Release|Any CPU
		{DA22A128-E503-496C-8146-241EBEED9C7E}.Release|x86.Build.0 = Release|Any CPU
		{A2191324-6D16-4760-AA3E-CF44E53DA95C}.Debug|Any CPU.ActiveCfg = Debug|Any CPU
		{A2191324-6D16-4760-AA3E-CF44E53DA95C}.Debug|Any CPU.Build.0 = Debug|Any CPU
		{A2191324-6D16-4760-AA3E-CF44E53DA95C}.Debug|x64.ActiveCfg = Debug|Any CPU
		{A2191324-6D16-4760-AA3E-CF44E53DA95C}.Debug|x64.Build.0 = Debug|Any CPU
		{A2191324-6D16-4760-AA3E-CF44E53DA95C}.Debug|x86.ActiveCfg = Debug|Any CPU
		{A2191324-6D16-4760-AA3E-CF44E53DA95C}.Debug|x86.Build.0 = Debug|Any CPU
		{A2191324-6D16-4760-AA3E-CF44E53DA95C}.Release|Any CPU.ActiveCfg = Release|Any CPU
		{A2191324-6D16-4760-AA3E-CF44E53DA95C}.Release|Any CPU.Build.0 = Release|Any CPU
		{A2191324-6D16-4760-AA3E-CF44E53DA95C}.Release|x64.ActiveCfg = Release|Any CPU
		{A2191324-6D16-4760-AA3E-CF44E53DA95C}.Release|x64.Build.0 = Release|Any CPU
		{A2191324-6D16-4760-AA3E-CF44E53DA95C}.Release|x86.ActiveCfg = Release|Any CPU
		{A2191324-6D16-4760-AA3E-CF44E53DA95C}.Release|x86.Build.0 = Release|Any CPU
		{3A5F5647-9FEB-4B44-A90B-E33AAE671DD5}.Debug|Any CPU.ActiveCfg = Debug|Any CPU
		{3A5F5647-9FEB-4B44-A90B-E33AAE671DD5}.Debug|Any CPU.Build.0 = Debug|Any CPU
		{3A5F5647-9FEB-4B44-A90B-E33AAE671DD5}.Debug|x64.ActiveCfg = Debug|Any CPU
		{3A5F5647-9FEB-4B44-A90B-E33AAE671DD5}.Debug|x64.Build.0 = Debug|Any CPU
		{3A5F5647-9FEB-4B44-A90B-E33AAE671DD5}.Debug|x86.ActiveCfg = Debug|Any CPU
		{3A5F5647-9FEB-4B44-A90B-E33AAE671DD5}.Debug|x86.Build.0 = Debug|Any CPU
		{3A5F5647-9FEB-4B44-A90B-E33AAE671DD5}.Release|Any CPU.ActiveCfg = Release|Any CPU
		{3A5F5647-9FEB-4B44-A90B-E33AAE671DD5}.Release|Any CPU.Build.0 = Release|Any CPU
		{3A5F5647-9FEB-4B44-A90B-E33AAE671DD5}.Release|x64.ActiveCfg = Release|Any CPU
		{3A5F5647-9FEB-4B44-A90B-E33AAE671DD5}.Release|x64.Build.0 = Release|Any CPU
		{3A5F5647-9FEB-4B44-A90B-E33AAE671DD5}.Release|x86.ActiveCfg = Release|Any CPU
		{3A5F5647-9FEB-4B44-A90B-E33AAE671DD5}.Release|x86.Build.0 = Release|Any CPU
		{61675B6F-0432-424F-A20C-4AD418A39EEB}.Debug|Any CPU.ActiveCfg = Debug|Any CPU
		{61675B6F-0432-424F-A20C-4AD418A39EEB}.Debug|Any CPU.Build.0 = Debug|Any CPU
		{61675B6F-0432-424F-A20C-4AD418A39EEB}.Debug|x64.ActiveCfg = Debug|Any CPU
		{61675B6F-0432-424F-A20C-4AD418A39EEB}.Debug|x64.Build.0 = Debug|Any CPU
		{61675B6F-0432-424F-A20C-4AD418A39EEB}.Debug|x86.ActiveCfg = Debug|Any CPU
		{61675B6F-0432-424F-A20C-4AD418A39EEB}.Debug|x86.Build.0 = Debug|Any CPU
		{61675B6F-0432-424F-A20C-4AD418A39EEB}.Release|Any CPU.ActiveCfg = Release|Any CPU
		{61675B6F-0432-424F-A20C-4AD418A39EEB}.Release|Any CPU.Build.0 = Release|Any CPU
		{61675B6F-0432-424F-A20C-4AD418A39EEB}.Release|x64.ActiveCfg = Release|Any CPU
		{61675B6F-0432-424F-A20C-4AD418A39EEB}.Release|x64.Build.0 = Release|Any CPU
		{61675B6F-0432-424F-A20C-4AD418A39EEB}.Release|x86.ActiveCfg = Release|Any CPU
		{61675B6F-0432-424F-A20C-4AD418A39EEB}.Release|x86.Build.0 = Release|Any CPU
		{903061B1-C610-4659-8502-9807C7ED29BF}.Debug|Any CPU.ActiveCfg = Debug|Any CPU
		{903061B1-C610-4659-8502-9807C7ED29BF}.Debug|Any CPU.Build.0 = Debug|Any CPU
		{903061B1-C610-4659-8502-9807C7ED29BF}.Debug|x64.ActiveCfg = Debug|Any CPU
		{903061B1-C610-4659-8502-9807C7ED29BF}.Debug|x64.Build.0 = Debug|Any CPU
		{903061B1-C610-4659-8502-9807C7ED29BF}.Debug|x86.ActiveCfg = Debug|Any CPU
		{903061B1-C610-4659-8502-9807C7ED29BF}.Debug|x86.Build.0 = Debug|Any CPU
		{903061B1-C610-4659-8502-9807C7ED29BF}.Release|Any CPU.ActiveCfg = Release|Any CPU
		{903061B1-C610-4659-8502-9807C7ED29BF}.Release|Any CPU.Build.0 = Release|Any CPU
		{903061B1-C610-4659-8502-9807C7ED29BF}.Release|x64.ActiveCfg = Release|Any CPU
		{903061B1-C610-4659-8502-9807C7ED29BF}.Release|x64.Build.0 = Release|Any CPU
		{903061B1-C610-4659-8502-9807C7ED29BF}.Release|x86.ActiveCfg = Release|Any CPU
		{903061B1-C610-4659-8502-9807C7ED29BF}.Release|x86.Build.0 = Release|Any CPU
		{F2BA8518-B894-45F2-9B4F-4390E9FF4B59}.Debug|Any CPU.ActiveCfg = Debug|Any CPU
		{F2BA8518-B894-45F2-9B4F-4390E9FF4B59}.Debug|Any CPU.Build.0 = Debug|Any CPU
		{F2BA8518-B894-45F2-9B4F-4390E9FF4B59}.Debug|x64.ActiveCfg = Debug|Any CPU
		{F2BA8518-B894-45F2-9B4F-4390E9FF4B59}.Debug|x64.Build.0 = Debug|Any CPU
		{F2BA8518-B894-45F2-9B4F-4390E9FF4B59}.Debug|x86.ActiveCfg = Debug|Any CPU
		{F2BA8518-B894-45F2-9B4F-4390E9FF4B59}.Debug|x86.Build.0 = Debug|Any CPU
		{F2BA8518-B894-45F2-9B4F-4390E9FF4B59}.Release|Any CPU.ActiveCfg = Release|Any CPU
		{F2BA8518-B894-45F2-9B4F-4390E9FF4B59}.Release|Any CPU.Build.0 = Release|Any CPU
		{F2BA8518-B894-45F2-9B4F-4390E9FF4B59}.Release|x64.ActiveCfg = Release|Any CPU
		{F2BA8518-B894-45F2-9B4F-4390E9FF4B59}.Release|x64.Build.0 = Release|Any CPU
		{F2BA8518-B894-45F2-9B4F-4390E9FF4B59}.Release|x86.ActiveCfg = Release|Any CPU
		{F2BA8518-B894-45F2-9B4F-4390E9FF4B59}.Release|x86.Build.0 = Release|Any CPU
		{7450C69F-EACD-4328-8951-29D3626FB8ED}.Debug|Any CPU.ActiveCfg = Debug|Any CPU
		{7450C69F-EACD-4328-8951-29D3626FB8ED}.Debug|Any CPU.Build.0 = Debug|Any CPU
		{7450C69F-EACD-4328-8951-29D3626FB8ED}.Debug|x64.ActiveCfg = Debug|Any CPU
		{7450C69F-EACD-4328-8951-29D3626FB8ED}.Debug|x64.Build.0 = Debug|Any CPU
		{7450C69F-EACD-4328-8951-29D3626FB8ED}.Debug|x86.ActiveCfg = Debug|Any CPU
		{7450C69F-EACD-4328-8951-29D3626FB8ED}.Debug|x86.Build.0 = Debug|Any CPU
		{7450C69F-EACD-4328-8951-29D3626FB8ED}.Release|Any CPU.ActiveCfg = Release|Any CPU
		{7450C69F-EACD-4328-8951-29D3626FB8ED}.Release|Any CPU.Build.0 = Release|Any CPU
		{7450C69F-EACD-4328-8951-29D3626FB8ED}.Release|x64.ActiveCfg = Release|Any CPU
		{7450C69F-EACD-4328-8951-29D3626FB8ED}.Release|x64.Build.0 = Release|Any CPU
		{7450C69F-EACD-4328-8951-29D3626FB8ED}.Release|x86.ActiveCfg = Release|Any CPU
		{7450C69F-EACD-4328-8951-29D3626FB8ED}.Release|x86.Build.0 = Release|Any CPU
	EndGlobalSection
	GlobalSection(SolutionProperties) = preSolution
		HideSolutionNode = FALSE
	EndGlobalSection
	GlobalSection(NestedProjects) = preSolution
		{3977F25D-AA3F-46C0-8F53-608125F14D08} = {2BC893BA-646F-4FB5-8CDF-226B57E199AE}
		{DA22A128-E503-496C-8146-241EBEED9C7E} = {2BC893BA-646F-4FB5-8CDF-226B57E199AE}
		{A2191324-6D16-4760-AA3E-CF44E53DA95C} = {2BC893BA-646F-4FB5-8CDF-226B57E199AE}
		{3A5F5647-9FEB-4B44-A90B-E33AAE671DD5} = {17D0AA5F-1923-4D63-B57D-E3E0A0566694}
		{61675B6F-0432-424F-A20C-4AD418A39EEB} = {9FBE24C2-C788-4694-AD46-73B129E83FE2}
		{903061B1-C610-4659-8502-9807C7ED29BF} = {17D0AA5F-1923-4D63-B57D-E3E0A0566694}
		{F2BA8518-B894-45F2-9B4F-4390E9FF4B59} = {17D0AA5F-1923-4D63-B57D-E3E0A0566694}
		{7450C69F-EACD-4328-8951-29D3626FB8ED} = {9FBE24C2-C788-4694-AD46-73B129E83FE2}
	EndGlobalSection
	GlobalSection(ExtensibilityGlobals) = postSolution
		SolutionGuid = {70731111-6872-4032-877A-D90346B04DC6}
	EndGlobalSection
EndGlobal
